{
  "requires": true,
  "lockfileVersion": 1,
  "dependencies": {
    "angular2-token": {
      "version": "0.2.0-beta.14",
      "resolved": "https://registry.npmjs.org/angular2-token/-/angular2-token-0.2.0-beta.14.tgz",
      "integrity": "sha512-ISN8BsARTmcSL9Mp/QGzBRa8tD4bR/hJdgcrCe8/Jen9aXA2SVi1Ymz1+MuDLN6tZqaR0OV02099jEvHpDDNPg=="
    }
  }
}
